
Microsoft Visual Studio Solution File, Format Version 12.00
# Visual Studio 15
VisualStudioVersion = 15.0.27703.2042
MinimumVisualStudioVersion = 10.0.40219.1
Project("{FAE04EC0-301F-11D3-BF4B-00C04F79EFBC}") = "Atlantis", "Atlantis\Atlantis.csproj", "{0D1962C3-3FA2-4A33-AC83-EC43E82E8947}"
EndProject
Project("{FAE04EC0-301F-11D3-BF4B-00C04F79EFBC}") = "Unicorn", "Unicorn\Unicorn.csproj", "{05D25FD3-85C6-4B19-922E-9F719C64F452}"
EndProject
Project("{FAE04EC0-301F-11D3-BF4B-00C04F79EFBC}") = "Unicorn.Tests", "Unicorn.Tests\Unicorn.Tests.csproj", "{8217DCA0-BEAF-4A03-80D8-26AB7FDEABBB}"
EndProject
Global
	GlobalSection(SolutionConfigurationPlatforms) = preSolution
		Debug|Any CPU = Debug|Any CPU
		Release|Any CPU = Release|Any CPU
	EndGlobalSection
	GlobalSection(ProjectConfigurationPlatforms) = postSolution
		{0D1962C3-3FA2-4A33-AC83-EC43E82E8947}.Debug|Any CPU.ActiveCfg = Debug|Any CPU
		{0D1962C3-3FA2-4A33-AC83-EC43E82E8947}.Debug|Any CPU.Build.0 = Debug|Any CPU
		{0D1962C3-3FA2-4A33-AC83-EC43E82E8947}.Release|Any CPU.ActiveCfg = Release|Any CPU
		{0D1962C3-3FA2-4A33-AC83-EC43E82E8947}.Release|Any CPU.Build.0 = Release|Any CPU
		{05D25FD3-85C6-4B19-922E-9F719C64F452}.Debug|Any CPU.ActiveCfg = Debug|Any CPU
		{05D25FD3-85C6-4B19-922E-9F719C64F452}.Debug|Any CPU.Build.0 = Debug|Any CPU
		{05D25FD3-85C6-4B19-922E-9F719C64F452}.Release|Any CPU.ActiveCfg = Release|Any CPU
		{05D25FD3-85C6-4B19-922E-9F719C64F452}.Release|Any CPU.Build.0 = Release|Any CPU
		{8217DCA0-BEAF-4A03-80D8-26AB7FDEABBB}.Debug|Any CPU.ActiveCfg = Debug|Any CPU
		{8217DCA0-BEAF-4A03-80D8-26AB7FDEABBB}.Debug|Any CPU.Build.0 = Debug|Any CPU
		{8217DCA0-BEAF-4A03-80D8-26AB7FDEABBB}.Release|Any CPU.ActiveCfg = Release|Any CPU
		{8217DCA0-BEAF-4A03-80D8-26AB7FDEABBB}.Release|Any CPU.Build.0 = Release|Any CPU
	EndGlobalSection
	GlobalSection(SolutionProperties) = preSolution
		HideSolutionNode = FALSE
	EndGlobalSection
	GlobalSection(ExtensibilityGlobals) = postSolution
		SolutionGuid = {B4FD177F-CD0B-4902-814B-CE942DBE2DAF}
	EndGlobalSection
EndGlobal
